
Microsoft Visual Studio Solution File, Format Version 12.00
# Visual Studio 15
VisualStudioVersion = 15.0.26430.6
MinimumVisualStudioVersion = 10.0.40219.1
Project("{FAE04EC0-301F-11D3-BF4B-00C04F79EFBC}") = "AssetManagement", "AssetManagement\AssetManagement.csproj", "{A9458503-8BFC-47AC-997F-A3ED9A3F53CA}"
EndProject
Project("{2150E333-8FDC-42A3-9474-1A3956D46DE8}") = "Infrastructure", "Infrastructure", "{11854441-8BA2-4F92-876A-C21E1C392328}"
EndProject
Project("{FAE04EC0-301F-11D3-BF4B-00C04F79EFBC}") = "DataModels", "Infrastructure\DataModels\DataModels.csproj", "{213F6BCC-8330-4494-8F4B-5EB7FE8EC4D9}"
EndProject
Project("{FAE04EC0-301F-11D3-BF4B-00C04F79EFBC}") = "Shared", "Infrastructure\Shared\Shared.csproj", "{FA2CD1BF-A890-4306-9EDB-A1B10042E57E}"
EndProject
Project("{2150E333-8FDC-42A3-9474-1A3956D46DE8}") = "ORM", "ORM", "{9DE2C92F-7899-4F55-8790-B26CB9160C22}"
EndProject
Project("{2150E333-8FDC-42A3-9474-1A3956D46DE8}") = "Providers", "Providers", "{83384F8F-4611-4FB6-88D0-C1D89D0D070A}"
EndProject
Project("{FAE04EC0-301F-11D3-BF4B-00C04F79EFBC}") = "Provider.EntityFramework", "ORM\Providers\Provider.EntityFramework\Provider.EntityFramework.csproj", "{8CE800B3-084A-4900-BEC3-27B81707ADC9}"
EndProject
Project("{2150E333-8FDC-42A3-9474-1A3956D46DE8}") = "Kernel", "Kernel", "{B659F5BF-19B6-48C7-885A-1CA767049A8C}"
EndProject
Project("{FAE04EC0-301F-11D3-BF4B-00C04F79EFBC}") = "Kernel", "Kernel\Kernel\Kernel.csproj", "{E198C691-91A6-4082-9976-F5F006F24960}"
EndProject
Project("{2150E333-8FDC-42A3-9474-1A3956D46DE8}") = "DependancyResolvers", "DependancyResolvers", "{CCBB2203-2FD5-4CE4-9FA0-4F3C97A9701A}"
EndProject
Project("{FAE04EC0-301F-11D3-BF4B-00C04F79EFBC}") = "UnityResolver", "DependancyResolvers\UnityResolver\UnityResolver.csproj", "{681BB5E0-8DB0-44FA-8950-EEF3ADC42745}"
EndProject
Project("{2150E333-8FDC-42A3-9474-1A3956D46DE8}") = "Server", "Server", "{988A4448-0520-4995-BF33-738CE2C4CE4B}"
EndProject
Project("{FAE04EC0-301F-11D3-BF4B-00C04F79EFBC}") = "ServerInitialisation", "Server\ServerInitialisation\ServerInitialisation.csproj", "{9670D9D3-7652-42AC-80A7-B9B5D07A0B4C}"
EndProject
Project("{2150E333-8FDC-42A3-9474-1A3956D46DE8}") = "CircuitBreaker", "CircuitBreaker", "{F8E31D14-9C6A-4519-8B8E-14D85D5B6C4D}"
EndProject
Project("{FAE04EC0-301F-11D3-BF4B-00C04F79EFBC}") = "CircuitBreaker", "CircuitBreaker\CircuitBreaker\CircuitBreaker.csproj", "{008789F3-04AD-4135-81E2-C94B0082300F}"
EndProject
Project("{FAE04EC0-301F-11D3-BF4B-00C04F79EFBC}") = "CircuitBreakerInfrastructure", "Infrastructure\CircuitBreakerInfrastructure\CircuitBreakerInfrastructure.csproj", "{2F108DFD-57D3-4F32-9A8C-FCD1ED17424B}"
EndProject
Project("{FAE04EC0-301F-11D3-BF4B-00C04F79EFBC}") = "CircuitBreakerTests", "CircuitBreaker\CircuitBreakerTests\CircuitBreakerTests.csproj", "{5F544F85-0A81-4880-8959-B35D6FCD259B}"
EndProject
Project("{2150E333-8FDC-42A3-9474-1A3956D46DE8}") = "DataImporting", "DataImporting", "{5C00CE8D-45F6-433F-81D5-840EC37CF75C}"
EndProject
Project("{FAE04EC0-301F-11D3-BF4B-00C04F79EFBC}") = "Data.Importing.Infrastructure", "Infrastructure\Data.Importing.Infrastructure\Data.Importing.Infrastructure.csproj", "{F775DE3C-9003-4E80-9D2C-48D590D9501D}"
EndProject
Project("{FAE04EC0-301F-11D3-BF4B-00C04F79EFBC}") = "Data.Importing", "DataImporting\DataImport\Data.Importing.csproj", "{1D6FD8FD-77E4-4D4B-8595-22E474488ADC}"
EndProject
Project("{FAE04EC0-301F-11D3-BF4B-00C04F79EFBC}") = "Data.Importing.Tests", "DataImporting\Data.Importing.Tests\Data.Importing.Tests.csproj", "{1F73406D-5273-4169-9464-78EC19A591D7}"
EndProject
Project("{2150E333-8FDC-42A3-9474-1A3956D46DE8}") = "Serialisation", "Serialisation", "{0AFE6D2B-E3B2-455F-9776-70D5C39629A4}"
EndProject
Project("{FAE04EC0-301F-11D3-BF4B-00C04F79EFBC}") = "Serialisation.JSON", "Serialisation\Serialisation.JSON\Serialisation.JSON.csproj", "{4EB8AB3B-2E70-410F-AA9B-8F1C9490FA3A}"
EndProject
Project("{FAE04EC0-301F-11D3-BF4B-00C04F79EFBC}") = "Serialisation.JSON.Test", "Serialisation\Serialisation.JSON.Test\Serialisation.JSON.Test.csproj", "{3584EEE6-F4C0-44EE-84E5-090553BAF556}"
EndProject
Project("{FAE04EC0-301F-11D3-BF4B-00C04F79EFBC}") = "Serialisation.CSV", "Serialisation\Serialisation.CSV\Serialisation.CSV.csproj", "{02534C01-495B-494B-8C5B-75F16F508711}"
EndProject
Project("{2150E333-8FDC-42A3-9474-1A3956D46DE8}") = "SearchEngines", "SearchEngines", "{DB48279A-0BDC-4DA9-9F9B-CA6125849817}"
EndProject
Project("{FAE04EC0-301F-11D3-BF4B-00C04F79EFBC}") = "ElasticSearchClient", "SearchEngines\DragonCMS.ElasticSearchClient\ElasticSearchClient.csproj", "{4CD7FFEA-163D-42BD-8A4D-4781D58D70F2}"
EndProject
Project("{FAE04EC0-301F-11D3-BF4B-00C04F79EFBC}") = "KafkaClient", "SearchEngines\KafkaAPI\KafkaClient.csproj", "{4D29102B-5B04-4727-9F39-D06ED82F8312}"
EndProject
Project("{FAE04EC0-301F-11D3-BF4B-00C04F79EFBC}") = "SearchEngine.Initialisation", "SearchEngines\SearchEngineInfrastructure\SearchEngine.Initialisation.csproj", "{CDFF00D6-20C2-47C3-AC90-A25F90D46F98}"
EndProject
Project("{FAE04EC0-301F-11D3-BF4B-00C04F79EFBC}") = "SearchEngine.Infrastructure", "SearchEngines\SearchEngine.Infrastructure\SearchEngine.Infrastructure.csproj", "{2ABFE26A-B615-424D-A078-1605D9C55C4D}"
EndProject
Project("{FAE04EC0-301F-11D3-BF4B-00C04F79EFBC}") = "Kernel.CQRS", "Kernel\Kernel.CQRS\Kernel.CQRS.csproj", "{DBE9A282-F646-41C9-896D-00ABDC5B9AAD}"
EndProject
Project("{FAE04EC0-301F-11D3-BF4B-00C04F79EFBC}") = "CQRS.Infrastructure", "Infrastructure\CQRS.Infrastructure\CQRS.Infrastructure.csproj", "{496E6B52-33D0-4E4E-945F-692E97642506}"
EndProject
Project("{2150E333-8FDC-42A3-9474-1A3956D46DE8}") = "CQRS", "CQRS", "{6F7E98F2-61E8-45CE-9828-30E3B35C8BC6}"
EndProject
Project("{FAE04EC0-301F-11D3-BF4B-00C04F79EFBC}") = "CQRS.MessageDistpacher", "CQRS\CQRS.MessageDistpacher\CQRS.MessageDistpacher.csproj", "{285CF304-F9BF-4301-9E5C-FA8521E31BBC}"
EndProject
Project("{FAE04EC0-301F-11D3-BF4B-00C04F79EFBC}") = "CQRS.MessageHandling", "CQRS\CQRS.MessageHandling\CQRS.MessageHandling.csproj", "{9C49CCC5-4195-4431-A87B-A209BEB3150C}"
EndProject
Project("{FAE04EC0-301F-11D3-BF4B-00C04F79EFBC}") = "CQRS.MessageHandling.Test", "CQRS\CQRS.MessageHandling.Test\CQRS.MessageHandling.Test.csproj", "{5ADDAB53-18CB-48B5-8E08-B65F89010609}"
EndProject
Project("{FAE04EC0-301F-11D3-BF4B-00C04F79EFBC}") = "CQRS.InMemoryTransport", "CQRS\CQRS.InMemoryTransport\CQRS.InMemoryTransport.csproj", "{F92A9FE2-55C7-4BDE-8DAB-C00E6DBA30BB}"
EndProject
Project("{FAE04EC0-301F-11D3-BF4B-00C04F79EFBC}") = "CQRS.InMemoryTransportTests", "CQRS\CQRS.InMemoryTransportTests\CQRS.InMemoryTransportTests.csproj", "{1D9FF31C-5F7D-458D-9BDE-A931E9BF8163}"
EndProject
Project("{FAE04EC0-301F-11D3-BF4B-00C04F79EFBC}") = "Kernel.Reflection", "Kernel\Kernel.Reflection\Kernel.Reflection.csproj", "{2A6BA5FB-DBAA-457A-9CB3-9BA74A96551B}"
EndProject
Project("{FAE04EC0-301F-11D3-BF4B-00C04F79EFBC}") = "Kernel.Configuration", "Kernel\Kernel.Configuration\Kernel.Configuration.csproj", "{B78BEABA-813A-4C65-BA17-2207E5F37B66}"
EndProject
Project("{FAE04EC0-301F-11D3-BF4B-00C04F79EFBC}") = "Kernel.Logging", "Kernel\Kernel.Logging\Kernel.Logging.csproj", "{7DA939D6-5443-498F-AAA1-3CE3134BC3EB}"
EndProject
Project("{FAE04EC0-301F-11D3-BF4B-00C04F79EFBC}") = "Kernel.Notification", "Kernel\Kernel.Notification\Kernel.Notification.csproj", "{E8E682DD-6662-4996-96E3-CE2BDE8C5D97}"
EndProject
Project("{FAE04EC0-301F-11D3-BF4B-00C04F79EFBC}") = "Kernel.Data", "Kernel\Kernel.Data\Kernel.Data.csproj", "{58F76882-5E21-452F-A070-76D468D6E27C}"
EndProject
Project("{FAE04EC0-301F-11D3-BF4B-00C04F79EFBC}") = "Kernel.Validation", "Kernel\Kernel.Validation\Kernel.Validation.csproj", "{7BDF6D7A-5FF9-469B-9881-4E89779AC789}"
EndProject
Project("{FAE04EC0-301F-11D3-BF4B-00C04F79EFBC}") = "Kernel.Cryptography", "Kernel\Kernel.Cryptography\Kernel.Cryptography.csproj", "{857217F2-B265-4154-883F-568285643238}"
EndProject
Project("{FAE04EC0-301F-11D3-BF4B-00C04F79EFBC}") = "Kernel.WCF", "Kernel\Kernel.WCF\Kernel.WCF.csproj", "{460D52AC-3610-4C26-BC9B-AF80480EF804}"
EndProject
Project("{FAE04EC0-301F-11D3-BF4B-00C04F79EFBC}") = "Kernel.Cache", "Kernel\Kernel.Cache\Kernel.Cache.csproj", "{5A1D47F4-B15F-4F42-8EAF-24F1474FE503}"
EndProject
Project("{2150E333-8FDC-42A3-9474-1A3956D46DE8}") = "Cache", "Cache", "{E7584BB5-905E-4A31-ABA8-E77C3C9F47C1}"
EndProject
Project("{FAE04EC0-301F-11D3-BF4B-00C04F79EFBC}") = "MemoryCacheProvider", "Cache\MemoryCacheProvider\MemoryCacheProvider.csproj", "{5647CA93-FE6C-4247-93C6-5617D16BE29B}"
EndProject
Global
	GlobalSection(SolutionConfigurationPlatforms) = preSolution
		Debug|Any CPU = Debug|Any CPU
		Release|Any CPU = Release|Any CPU
	EndGlobalSection
	GlobalSection(ProjectConfigurationPlatforms) = postSolution
		{A9458503-8BFC-47AC-997F-A3ED9A3F53CA}.Debug|Any CPU.ActiveCfg = Debug|Any CPU
		{A9458503-8BFC-47AC-997F-A3ED9A3F53CA}.Debug|Any CPU.Build.0 = Debug|Any CPU
		{A9458503-8BFC-47AC-997F-A3ED9A3F53CA}.Release|Any CPU.ActiveCfg = Release|Any CPU
		{A9458503-8BFC-47AC-997F-A3ED9A3F53CA}.Release|Any CPU.Build.0 = Release|Any CPU
		{213F6BCC-8330-4494-8F4B-5EB7FE8EC4D9}.Debug|Any CPU.ActiveCfg = Debug|Any CPU
		{213F6BCC-8330-4494-8F4B-5EB7FE8EC4D9}.Debug|Any CPU.Build.0 = Debug|Any CPU
		{213F6BCC-8330-4494-8F4B-5EB7FE8EC4D9}.Release|Any CPU.ActiveCfg = Release|Any CPU
		{213F6BCC-8330-4494-8F4B-5EB7FE8EC4D9}.Release|Any CPU.Build.0 = Release|Any CPU
		{FA2CD1BF-A890-4306-9EDB-A1B10042E57E}.Debug|Any CPU.ActiveCfg = Debug|Any CPU
		{FA2CD1BF-A890-4306-9EDB-A1B10042E57E}.Debug|Any CPU.Build.0 = Debug|Any CPU
		{FA2CD1BF-A890-4306-9EDB-A1B10042E57E}.Release|Any CPU.ActiveCfg = Release|Any CPU
		{FA2CD1BF-A890-4306-9EDB-A1B10042E57E}.Release|Any CPU.Build.0 = Release|Any CPU
		{8CE800B3-084A-4900-BEC3-27B81707ADC9}.Debug|Any CPU.ActiveCfg = Debug|Any CPU
		{8CE800B3-084A-4900-BEC3-27B81707ADC9}.Debug|Any CPU.Build.0 = Debug|Any CPU
		{8CE800B3-084A-4900-BEC3-27B81707ADC9}.Release|Any CPU.ActiveCfg = Release|Any CPU
		{8CE800B3-084A-4900-BEC3-27B81707ADC9}.Release|Any CPU.Build.0 = Release|Any CPU
		{E198C691-91A6-4082-9976-F5F006F24960}.Debug|Any CPU.ActiveCfg = Debug|Any CPU
		{E198C691-91A6-4082-9976-F5F006F24960}.Debug|Any CPU.Build.0 = Debug|Any CPU
		{E198C691-91A6-4082-9976-F5F006F24960}.Release|Any CPU.ActiveCfg = Release|Any CPU
		{E198C691-91A6-4082-9976-F5F006F24960}.Release|Any CPU.Build.0 = Release|Any CPU
		{681BB5E0-8DB0-44FA-8950-EEF3ADC42745}.Debug|Any CPU.ActiveCfg = Debug|Any CPU
		{681BB5E0-8DB0-44FA-8950-EEF3ADC42745}.Debug|Any CPU.Build.0 = Debug|Any CPU
		{681BB5E0-8DB0-44FA-8950-EEF3ADC42745}.Release|Any CPU.ActiveCfg = Release|Any CPU
		{681BB5E0-8DB0-44FA-8950-EEF3ADC42745}.Release|Any CPU.Build.0 = Release|Any CPU
		{9670D9D3-7652-42AC-80A7-B9B5D07A0B4C}.Debug|Any CPU.ActiveCfg = Debug|Any CPU
		{9670D9D3-7652-42AC-80A7-B9B5D07A0B4C}.Debug|Any CPU.Build.0 = Debug|Any CPU
		{9670D9D3-7652-42AC-80A7-B9B5D07A0B4C}.Release|Any CPU.ActiveCfg = Release|Any CPU
		{9670D9D3-7652-42AC-80A7-B9B5D07A0B4C}.Release|Any CPU.Build.0 = Release|Any CPU
		{008789F3-04AD-4135-81E2-C94B0082300F}.Debug|Any CPU.ActiveCfg = Debug|Any CPU
		{008789F3-04AD-4135-81E2-C94B0082300F}.Debug|Any CPU.Build.0 = Debug|Any CPU
		{008789F3-04AD-4135-81E2-C94B0082300F}.Release|Any CPU.ActiveCfg = Release|Any CPU
		{008789F3-04AD-4135-81E2-C94B0082300F}.Release|Any CPU.Build.0 = Release|Any CPU
		{2F108DFD-57D3-4F32-9A8C-FCD1ED17424B}.Debug|Any CPU.ActiveCfg = Debug|Any CPU
		{2F108DFD-57D3-4F32-9A8C-FCD1ED17424B}.Debug|Any CPU.Build.0 = Debug|Any CPU
		{2F108DFD-57D3-4F32-9A8C-FCD1ED17424B}.Release|Any CPU.ActiveCfg = Release|Any CPU
		{2F108DFD-57D3-4F32-9A8C-FCD1ED17424B}.Release|Any CPU.Build.0 = Release|Any CPU
		{5F544F85-0A81-4880-8959-B35D6FCD259B}.Debug|Any CPU.ActiveCfg = Debug|Any CPU
		{5F544F85-0A81-4880-8959-B35D6FCD259B}.Debug|Any CPU.Build.0 = Debug|Any CPU
		{5F544F85-0A81-4880-8959-B35D6FCD259B}.Release|Any CPU.ActiveCfg = Release|Any CPU
		{5F544F85-0A81-4880-8959-B35D6FCD259B}.Release|Any CPU.Build.0 = Release|Any CPU
		{F775DE3C-9003-4E80-9D2C-48D590D9501D}.Debug|Any CPU.ActiveCfg = Debug|Any CPU
		{F775DE3C-9003-4E80-9D2C-48D590D9501D}.Debug|Any CPU.Build.0 = Debug|Any CPU
		{F775DE3C-9003-4E80-9D2C-48D590D9501D}.Release|Any CPU.ActiveCfg = Release|Any CPU
		{F775DE3C-9003-4E80-9D2C-48D590D9501D}.Release|Any CPU.Build.0 = Release|Any CPU
		{1D6FD8FD-77E4-4D4B-8595-22E474488ADC}.Debug|Any CPU.ActiveCfg = Debug|Any CPU
		{1D6FD8FD-77E4-4D4B-8595-22E474488ADC}.Debug|Any CPU.Build.0 = Debug|Any CPU
		{1D6FD8FD-77E4-4D4B-8595-22E474488ADC}.Release|Any CPU.ActiveCfg = Release|Any CPU
		{1D6FD8FD-77E4-4D4B-8595-22E474488ADC}.Release|Any CPU.Build.0 = Release|Any CPU
		{1F73406D-5273-4169-9464-78EC19A591D7}.Debug|Any CPU.ActiveCfg = Debug|Any CPU
		{1F73406D-5273-4169-9464-78EC19A591D7}.Debug|Any CPU.Build.0 = Debug|Any CPU
		{1F73406D-5273-4169-9464-78EC19A591D7}.Release|Any CPU.ActiveCfg = Release|Any CPU
		{1F73406D-5273-4169-9464-78EC19A591D7}.Release|Any CPU.Build.0 = Release|Any CPU
		{4EB8AB3B-2E70-410F-AA9B-8F1C9490FA3A}.Debug|Any CPU.ActiveCfg = Debug|Any CPU
		{4EB8AB3B-2E70-410F-AA9B-8F1C9490FA3A}.Debug|Any CPU.Build.0 = Debug|Any CPU
		{4EB8AB3B-2E70-410F-AA9B-8F1C9490FA3A}.Release|Any CPU.ActiveCfg = Release|Any CPU
		{4EB8AB3B-2E70-410F-AA9B-8F1C9490FA3A}.Release|Any CPU.Build.0 = Release|Any CPU
		{3584EEE6-F4C0-44EE-84E5-090553BAF556}.Debug|Any CPU.ActiveCfg = Debug|Any CPU
		{3584EEE6-F4C0-44EE-84E5-090553BAF556}.Debug|Any CPU.Build.0 = Debug|Any CPU
		{3584EEE6-F4C0-44EE-84E5-090553BAF556}.Release|Any CPU.ActiveCfg = Release|Any CPU
		{3584EEE6-F4C0-44EE-84E5-090553BAF556}.Release|Any CPU.Build.0 = Release|Any CPU
		{02534C01-495B-494B-8C5B-75F16F508711}.Debug|Any CPU.ActiveCfg = Debug|Any CPU
		{02534C01-495B-494B-8C5B-75F16F508711}.Debug|Any CPU.Build.0 = Debug|Any CPU
		{02534C01-495B-494B-8C5B-75F16F508711}.Release|Any CPU.ActiveCfg = Release|Any CPU
		{02534C01-495B-494B-8C5B-75F16F508711}.Release|Any CPU.Build.0 = Release|Any CPU
		{4CD7FFEA-163D-42BD-8A4D-4781D58D70F2}.Debug|Any CPU.ActiveCfg = Debug|Any CPU
		{4CD7FFEA-163D-42BD-8A4D-4781D58D70F2}.Debug|Any CPU.Build.0 = Debug|Any CPU
		{4CD7FFEA-163D-42BD-8A4D-4781D58D70F2}.Release|Any CPU.ActiveCfg = Release|Any CPU
		{4CD7FFEA-163D-42BD-8A4D-4781D58D70F2}.Release|Any CPU.Build.0 = Release|Any CPU
		{4D29102B-5B04-4727-9F39-D06ED82F8312}.Debug|Any CPU.ActiveCfg = Debug|Any CPU
		{4D29102B-5B04-4727-9F39-D06ED82F8312}.Debug|Any CPU.Build.0 = Debug|Any CPU
		{4D29102B-5B04-4727-9F39-D06ED82F8312}.Release|Any CPU.ActiveCfg = Release|Any CPU
		{4D29102B-5B04-4727-9F39-D06ED82F8312}.Release|Any CPU.Build.0 = Release|Any CPU
		{CDFF00D6-20C2-47C3-AC90-A25F90D46F98}.Debug|Any CPU.ActiveCfg = Debug|Any CPU
		{CDFF00D6-20C2-47C3-AC90-A25F90D46F98}.Debug|Any CPU.Build.0 = Debug|Any CPU
		{CDFF00D6-20C2-47C3-AC90-A25F90D46F98}.Release|Any CPU.ActiveCfg = Release|Any CPU
		{CDFF00D6-20C2-47C3-AC90-A25F90D46F98}.Release|Any CPU.Build.0 = Release|Any CPU
		{2ABFE26A-B615-424D-A078-1605D9C55C4D}.Debug|Any CPU.ActiveCfg = Debug|Any CPU
		{2ABFE26A-B615-424D-A078-1605D9C55C4D}.Debug|Any CPU.Build.0 = Debug|Any CPU
		{2ABFE26A-B615-424D-A078-1605D9C55C4D}.Release|Any CPU.ActiveCfg = Release|Any CPU
		{2ABFE26A-B615-424D-A078-1605D9C55C4D}.Release|Any CPU.Build.0 = Release|Any CPU
		{DBE9A282-F646-41C9-896D-00ABDC5B9AAD}.Debug|Any CPU.ActiveCfg = Debug|Any CPU
		{DBE9A282-F646-41C9-896D-00ABDC5B9AAD}.Debug|Any CPU.Build.0 = Debug|Any CPU
		{DBE9A282-F646-41C9-896D-00ABDC5B9AAD}.Release|Any CPU.ActiveCfg = Release|Any CPU
		{DBE9A282-F646-41C9-896D-00ABDC5B9AAD}.Release|Any CPU.Build.0 = Release|Any CPU
		{496E6B52-33D0-4E4E-945F-692E97642506}.Debug|Any CPU.ActiveCfg = Debug|Any CPU
		{496E6B52-33D0-4E4E-945F-692E97642506}.Debug|Any CPU.Build.0 = Debug|Any CPU
		{496E6B52-33D0-4E4E-945F-692E97642506}.Release|Any CPU.ActiveCfg = Release|Any CPU
		{496E6B52-33D0-4E4E-945F-692E97642506}.Release|Any CPU.Build.0 = Release|Any CPU
		{285CF304-F9BF-4301-9E5C-FA8521E31BBC}.Debug|Any CPU.ActiveCfg = Debug|Any CPU
		{285CF304-F9BF-4301-9E5C-FA8521E31BBC}.Debug|Any CPU.Build.0 = Debug|Any CPU
		{285CF304-F9BF-4301-9E5C-FA8521E31BBC}.Release|Any CPU.ActiveCfg = Release|Any CPU
		{285CF304-F9BF-4301-9E5C-FA8521E31BBC}.Release|Any CPU.Build.0 = Release|Any CPU
		{9C49CCC5-4195-4431-A87B-A209BEB3150C}.Debug|Any CPU.ActiveCfg = Debug|Any CPU
		{9C49CCC5-4195-4431-A87B-A209BEB3150C}.Debug|Any CPU.Build.0 = Debug|Any CPU
		{9C49CCC5-4195-4431-A87B-A209BEB3150C}.Release|Any CPU.ActiveCfg = Release|Any CPU
		{9C49CCC5-4195-4431-A87B-A209BEB3150C}.Release|Any CPU.Build.0 = Release|Any CPU
		{5ADDAB53-18CB-48B5-8E08-B65F89010609}.Debug|Any CPU.ActiveCfg = Debug|Any CPU
		{5ADDAB53-18CB-48B5-8E08-B65F89010609}.Debug|Any CPU.Build.0 = Debug|Any CPU
		{5ADDAB53-18CB-48B5-8E08-B65F89010609}.Release|Any CPU.ActiveCfg = Release|Any CPU
		{5ADDAB53-18CB-48B5-8E08-B65F89010609}.Release|Any CPU.Build.0 = Release|Any CPU
		{F92A9FE2-55C7-4BDE-8DAB-C00E6DBA30BB}.Debug|Any CPU.ActiveCfg = Debug|Any CPU
		{F92A9FE2-55C7-4BDE-8DAB-C00E6DBA30BB}.Debug|Any CPU.Build.0 = Debug|Any CPU
		{F92A9FE2-55C7-4BDE-8DAB-C00E6DBA30BB}.Release|Any CPU.ActiveCfg = Release|Any CPU
		{F92A9FE2-55C7-4BDE-8DAB-C00E6DBA30BB}.Release|Any CPU.Build.0 = Release|Any CPU
		{1D9FF31C-5F7D-458D-9BDE-A931E9BF8163}.Debug|Any CPU.ActiveCfg = Debug|Any CPU
		{1D9FF31C-5F7D-458D-9BDE-A931E9BF8163}.Debug|Any CPU.Build.0 = Debug|Any CPU
		{1D9FF31C-5F7D-458D-9BDE-A931E9BF8163}.Release|Any CPU.ActiveCfg = Release|Any CPU
		{1D9FF31C-5F7D-458D-9BDE-A931E9BF8163}.Release|Any CPU.Build.0 = Release|Any CPU
		{2A6BA5FB-DBAA-457A-9CB3-9BA74A96551B}.Debug|Any CPU.ActiveCfg = Debug|Any CPU
		{2A6BA5FB-DBAA-457A-9CB3-9BA74A96551B}.Debug|Any CPU.Build.0 = Debug|Any CPU
		{2A6BA5FB-DBAA-457A-9CB3-9BA74A96551B}.Release|Any CPU.ActiveCfg = Release|Any CPU
		{2A6BA5FB-DBAA-457A-9CB3-9BA74A96551B}.Release|Any CPU.Build.0 = Release|Any CPU
		{B78BEABA-813A-4C65-BA17-2207E5F37B66}.Debug|Any CPU.ActiveCfg = Debug|Any CPU
		{B78BEABA-813A-4C65-BA17-2207E5F37B66}.Debug|Any CPU.Build.0 = Debug|Any CPU
		{B78BEABA-813A-4C65-BA17-2207E5F37B66}.Release|Any CPU.ActiveCfg = Release|Any CPU
		{B78BEABA-813A-4C65-BA17-2207E5F37B66}.Release|Any CPU.Build.0 = Release|Any CPU
		{7DA939D6-5443-498F-AAA1-3CE3134BC3EB}.Debug|Any CPU.ActiveCfg = Debug|Any CPU
		{7DA939D6-5443-498F-AAA1-3CE3134BC3EB}.Debug|Any CPU.Build.0 = Debug|Any CPU
		{7DA939D6-5443-498F-AAA1-3CE3134BC3EB}.Release|Any CPU.ActiveCfg = Release|Any CPU
		{7DA939D6-5443-498F-AAA1-3CE3134BC3EB}.Release|Any CPU.Build.0 = Release|Any CPU
		{E8E682DD-6662-4996-96E3-CE2BDE8C5D97}.Debug|Any CPU.ActiveCfg = Debug|Any CPU
		{E8E682DD-6662-4996-96E3-CE2BDE8C5D97}.Debug|Any CPU.Build.0 = Debug|Any CPU
		{E8E682DD-6662-4996-96E3-CE2BDE8C5D97}.Release|Any CPU.ActiveCfg = Release|Any CPU
		{E8E682DD-6662-4996-96E3-CE2BDE8C5D97}.Release|Any CPU.Build.0 = Release|Any CPU
		{58F76882-5E21-452F-A070-76D468D6E27C}.Debug|Any CPU.ActiveCfg = Debug|Any CPU
		{58F76882-5E21-452F-A070-76D468D6E27C}.Debug|Any CPU.Build.0 = Debug|Any CPU
		{58F76882-5E21-452F-A070-76D468D6E27C}.Release|Any CPU.ActiveCfg = Release|Any CPU
		{58F76882-5E21-452F-A070-76D468D6E27C}.Release|Any CPU.Build.0 = Release|Any CPU
		{7BDF6D7A-5FF9-469B-9881-4E89779AC789}.Debug|Any CPU.ActiveCfg = Debug|Any CPU
		{7BDF6D7A-5FF9-469B-9881-4E89779AC789}.Debug|Any CPU.Build.0 = Debug|Any CPU
		{7BDF6D7A-5FF9-469B-9881-4E89779AC789}.Release|Any CPU.ActiveCfg = Release|Any CPU
		{7BDF6D7A-5FF9-469B-9881-4E89779AC789}.Release|Any CPU.Build.0 = Release|Any CPU
		{857217F2-B265-4154-883F-568285643238}.Debug|Any CPU.ActiveCfg = Debug|Any CPU
		{857217F2-B265-4154-883F-568285643238}.Debug|Any CPU.Build.0 = Debug|Any CPU
		{857217F2-B265-4154-883F-568285643238}.Release|Any CPU.ActiveCfg = Release|Any CPU
		{857217F2-B265-4154-883F-568285643238}.Release|Any CPU.Build.0 = Release|Any CPU
		{460D52AC-3610-4C26-BC9B-AF80480EF804}.Debug|Any CPU.ActiveCfg = Debug|Any CPU
		{460D52AC-3610-4C26-BC9B-AF80480EF804}.Debug|Any CPU.Build.0 = Debug|Any CPU
		{460D52AC-3610-4C26-BC9B-AF80480EF804}.Release|Any CPU.ActiveCfg = Release|Any CPU
		{460D52AC-3610-4C26-BC9B-AF80480EF804}.Release|Any CPU.Build.0 = Release|Any CPU
		{5A1D47F4-B15F-4F42-8EAF-24F1474FE503}.Debug|Any CPU.ActiveCfg = Debug|Any CPU
		{5A1D47F4-B15F-4F42-8EAF-24F1474FE503}.Debug|Any CPU.Build.0 = Debug|Any CPU
		{5A1D47F4-B15F-4F42-8EAF-24F1474FE503}.Release|Any CPU.ActiveCfg = Release|Any CPU
		{5A1D47F4-B15F-4F42-8EAF-24F1474FE503}.Release|Any CPU.Build.0 = Release|Any CPU
		{5647CA93-FE6C-4247-93C6-5617D16BE29B}.Debug|Any CPU.ActiveCfg = Debug|Any CPU
		{5647CA93-FE6C-4247-93C6-5617D16BE29B}.Debug|Any CPU.Build.0 = Debug|Any CPU
		{5647CA93-FE6C-4247-93C6-5617D16BE29B}.Release|Any CPU.ActiveCfg = Release|Any CPU
		{5647CA93-FE6C-4247-93C6-5617D16BE29B}.Release|Any CPU.Build.0 = Release|Any CPU
	EndGlobalSection
	GlobalSection(SolutionProperties) = preSolution
		HideSolutionNode = FALSE
	EndGlobalSection
	GlobalSection(NestedProjects) = preSolution
		{213F6BCC-8330-4494-8F4B-5EB7FE8EC4D9} = {11854441-8BA2-4F92-876A-C21E1C392328}
		{FA2CD1BF-A890-4306-9EDB-A1B10042E57E} = {11854441-8BA2-4F92-876A-C21E1C392328}
		{83384F8F-4611-4FB6-88D0-C1D89D0D070A} = {9DE2C92F-7899-4F55-8790-B26CB9160C22}
		{8CE800B3-084A-4900-BEC3-27B81707ADC9} = {83384F8F-4611-4FB6-88D0-C1D89D0D070A}
		{E198C691-91A6-4082-9976-F5F006F24960} = {B659F5BF-19B6-48C7-885A-1CA767049A8C}
		{681BB5E0-8DB0-44FA-8950-EEF3ADC42745} = {CCBB2203-2FD5-4CE4-9FA0-4F3C97A9701A}
		{9670D9D3-7652-42AC-80A7-B9B5D07A0B4C} = {988A4448-0520-4995-BF33-738CE2C4CE4B}
		{008789F3-04AD-4135-81E2-C94B0082300F} = {F8E31D14-9C6A-4519-8B8E-14D85D5B6C4D}
		{2F108DFD-57D3-4F32-9A8C-FCD1ED17424B} = {11854441-8BA2-4F92-876A-C21E1C392328}
		{5F544F85-0A81-4880-8959-B35D6FCD259B} = {F8E31D14-9C6A-4519-8B8E-14D85D5B6C4D}
		{F775DE3C-9003-4E80-9D2C-48D590D9501D} = {11854441-8BA2-4F92-876A-C21E1C392328}
		{1D6FD8FD-77E4-4D4B-8595-22E474488ADC} = {5C00CE8D-45F6-433F-81D5-840EC37CF75C}
		{1F73406D-5273-4169-9464-78EC19A591D7} = {5C00CE8D-45F6-433F-81D5-840EC37CF75C}
		{4EB8AB3B-2E70-410F-AA9B-8F1C9490FA3A} = {0AFE6D2B-E3B2-455F-9776-70D5C39629A4}
		{3584EEE6-F4C0-44EE-84E5-090553BAF556} = {0AFE6D2B-E3B2-455F-9776-70D5C39629A4}
		{02534C01-495B-494B-8C5B-75F16F508711} = {0AFE6D2B-E3B2-455F-9776-70D5C39629A4}
		{4CD7FFEA-163D-42BD-8A4D-4781D58D70F2} = {DB48279A-0BDC-4DA9-9F9B-CA6125849817}
		{4D29102B-5B04-4727-9F39-D06ED82F8312} = {DB48279A-0BDC-4DA9-9F9B-CA6125849817}
		{CDFF00D6-20C2-47C3-AC90-A25F90D46F98} = {DB48279A-0BDC-4DA9-9F9B-CA6125849817}
		{2ABFE26A-B615-424D-A078-1605D9C55C4D} = {DB48279A-0BDC-4DA9-9F9B-CA6125849817}
		{DBE9A282-F646-41C9-896D-00ABDC5B9AAD} = {B659F5BF-19B6-48C7-885A-1CA767049A8C}
		{496E6B52-33D0-4E4E-945F-692E97642506} = {11854441-8BA2-4F92-876A-C21E1C392328}
		{285CF304-F9BF-4301-9E5C-FA8521E31BBC} = {6F7E98F2-61E8-45CE-9828-30E3B35C8BC6}
		{9C49CCC5-4195-4431-A87B-A209BEB3150C} = {6F7E98F2-61E8-45CE-9828-30E3B35C8BC6}
		{5ADDAB53-18CB-48B5-8E08-B65F89010609} = {6F7E98F2-61E8-45CE-9828-30E3B35C8BC6}
		{F92A9FE2-55C7-4BDE-8DAB-C00E6DBA30BB} = {6F7E98F2-61E8-45CE-9828-30E3B35C8BC6}
		{1D9FF31C-5F7D-458D-9BDE-A931E9BF8163} = {6F7E98F2-61E8-45CE-9828-30E3B35C8BC6}
		{2A6BA5FB-DBAA-457A-9CB3-9BA74A96551B} = {B659F5BF-19B6-48C7-885A-1CA767049A8C}
		{B78BEABA-813A-4C65-BA17-2207E5F37B66} = {B659F5BF-19B6-48C7-885A-1CA767049A8C}
		{7DA939D6-5443-498F-AAA1-3CE3134BC3EB} = {B659F5BF-19B6-48C7-885A-1CA767049A8C}
		{E8E682DD-6662-4996-96E3-CE2BDE8C5D97} = {B659F5BF-19B6-48C7-885A-1CA767049A8C}
		{58F76882-5E21-452F-A070-76D468D6E27C} = {B659F5BF-19B6-48C7-885A-1CA767049A8C}
		{7BDF6D7A-5FF9-469B-9881-4E89779AC789} = {B659F5BF-19B6-48C7-885A-1CA767049A8C}
		{857217F2-B265-4154-883F-568285643238} = {B659F5BF-19B6-48C7-885A-1CA767049A8C}
		{460D52AC-3610-4C26-BC9B-AF80480EF804} = {B659F5BF-19B6-48C7-885A-1CA767049A8C}
		{5A1D47F4-B15F-4F42-8EAF-24F1474FE503} = {B659F5BF-19B6-48C7-885A-1CA767049A8C}
		{5647CA93-FE6C-4247-93C6-5617D16BE29B} = {E7584BB5-905E-4A31-ABA8-E77C3C9F47C1}
	EndGlobalSection
EndGlobal
